{
  "lockfile-version": 1,
  "manifest": {
    "version": 1,
    "install": {
      "gum": {
        "pkg-path": "gum"
      },
      "mysql": {
        "pkg-path": "mysql80"
      }
    },
    "vars": {
      "MYSQL_BIND_ADDRESS": "127.0.0.1",
      "MYSQL_DATABASE": "mysql",
      "MYSQL_PORT": "13306",
      "MYSQL_ROOT_PASSWORD": "mysqlpass"
    },
    "hook": {
      "on-activate": "# define env vars available during activation\nexport MYSQLDIR=\"${FLOX_ENV_CACHE}/mysql\"\nexport CONFIG_FILE=\"${FLOX_ENV_CACHE}/mysql.config\"\nexport DEFAULT_MYSQL_BIND_ADDRESS=\"127.0.0.1\"\nexport DEFAULT_MYSQL_PORT=\"13306\"\nexport DEFAULT_MYSQL_ROOT_PASSWORD=\"mysqlpass\"\nexport DEFAULT_MYSQL_DATABASE=\"mysql\"\nexport DEFAULT_MYSQLDIR=\"${FLOX_ENV_CACHE}/mysql\"\n\n# enable/disable debugging; set to \"true\" to enable verbose output\nexport MYSQL_DEBUG=\"false\"\n\n# this function checks if first run\ncheck_first_run() {\n    if [[ ! -f \"$CONFIG_FILE\" ]]; then\n        return 0 # True, this is the first run\n    else\n        return 1 # False, not the first run\n    fi\n}\n\n# this function loads mysql.config if exists\nload_config() {\n    if [[ -f \"$CONFIG_FILE\" ]]; then\n        source \"$CONFIG_FILE\"\n    else\n        # set defaults if no mysql.config\n        export MYSQL_BIND_ADDRESS=\"$DEFAULT_MYSQL_BIND_ADDRESS\"\n        export MYSQL_PORT=\"$DEFAULT_MYSQL_PORT\"\n        export MYSQL_ROOT_PASSWORD=\"$DEFAULT_MYSQL_ROOT_PASSWORD\"\n        export MYSQL_DATABASE=\"$DEFAULT_MYSQL_DATABASE\"\n        export MYSQLDIR=\"$DEFAULT_MYSQLDIR\"\n    fi\n}\n\n# this function saves mysql.config to file\nsave_config() {\n    mkdir -p \"$(dirname \"$CONFIG_FILE\")\"\n    cat > \"$CONFIG_FILE\" << EOF\n# mysql configuration - Generated on $(date)\nexport MYSQL_BIND_ADDRESS=\"$MYSQL_BIND_ADDRESS\"\nexport MYSQL_PORT=\"$MYSQL_PORT\"\nexport MYSQL_ROOT_PASSWORD=\"$MYSQL_ROOT_PASSWORD\"\nexport MYSQL_DATABASE=\"$MYSQL_DATABASE\"\nexport MYSQLDIR=\"$MYSQLDIR\"\nexport MYSQL_DEBUG=\"$MYSQL_DEBUG\"\n\n## BEGIN ACTIVATION HOOK ##\n$(declare -f debug_log)\n$(declare -f check_first_run)\n$(declare -f load_config)\n$(declare -f save_config)\n$(declare -f prompt_for_config)\n$(declare -f update_dependent_vars)\n$(declare -f initialize_mysql)\n$(declare -f start_mysql)\n$(declare -f set_root_password)\n$(declare -f create_database)\n$(declare -f stop_mysql)\n$(declare -f reconfigure_mysql)\n$(declare -f first_run_setup)\n$(declare -f display_mysql_config_ui)\n$(declare -f mysql_setup)\n$(declare -f main)\n## END ACTIVATION HOOK ##\nEOF\n    chmod 644 \"$CONFIG_FILE\"\n}\n\n# this function prompts user 'do you want to custom configure mysql vars?'\nprompt_for_config() {\n    echo \"\"\n    if gum confirm \"$(gum style --foreground 240 'Would you like to customize your MySQL configuration?')\" --default=false; then\n        MYSQL_BIND_ADDRESS=$(gum input --placeholder \"$DEFAULT_MYSQL_BIND_ADDRESS\" --value \"$DEFAULT_MYSQL_BIND_ADDRESS\" --prompt \"Bind Address: \")\n        MYSQL_PORT=$(gum input --placeholder \"$DEFAULT_MYSQL_PORT\" --value \"$DEFAULT_MYSQL_PORT\" --prompt \"Port: \")\n        MYSQL_ROOT_PASSWORD=$(gum input --placeholder \"$DEFAULT_MYSQL_ROOT_PASSWORD\" --value \"$DEFAULT_MYSQL_ROOT_PASSWORD\" --prompt \"Root Password: \" --password)\n        MYSQL_DATABASE=$(gum input --placeholder \"$DEFAULT_MYSQL_DATABASE\" --value \"$DEFAULT_MYSQL_DATABASE\" --prompt \"Database: \")\n\n        if gum confirm \"Use default directory for MySQL data?\" --default=true; then\n            MYSQLDIR=\"$DEFAULT_MYSQLDIR\"\n        else\n            MYSQLDIR=$(gum input --placeholder \"$DEFAULT_MYSQLDIR\" --value \"$DEFAULT_MYSQLDIR\" --prompt \"MySQL Data Directory: \")\n        fi\n    else\n        # defaults for gum prompts\n        MYSQL_BIND_ADDRESS=\"$DEFAULT_MYSQL_BIND_ADDRESS\"\n        MYSQL_PORT=\"$DEFAULT_MYSQL_PORT\"\n        MYSQL_ROOT_PASSWORD=\"$DEFAULT_MYSQL_ROOT_PASSWORD\"\n        MYSQL_DATABASE=\"$DEFAULT_MYSQL_DATABASE\"\n        MYSQLDIR=\"$DEFAULT_MYSQLDIR\"\n    fi\n\n    # export user-defined variables\n    export MYSQL_BIND_ADDRESS MYSQL_PORT MYSQL_ROOT_PASSWORD MYSQL_DATABASE MYSQLDIR\n\n    # save to mysql.config\n    save_config\n}\n\n# this function handles debug logging\ndebug_log() {\n    if [[ \"$MYSQL_DEBUG\" == \"true\" ]]; then\n        echo \"$@\"\n    fi\n}\n\n# this function updates dependent vars after loading mysql.config\nupdate_dependent_vars() {\n    # is $MYSQLDIR an absolute path?\n    if [[ ! \"$MYSQLDIR\" = /* ]]; then\n        MYSQLDIR=\"$(pwd)/$MYSQLDIR\"\n        export MYSQLDIR\n    fi\n\n    # set dependent vars with absolute paths\n    export MYSQL_DATADIR=\"$MYSQLDIR/data\"\n    export MYSQL_SOCKET=\"$MYSQLDIR/run/mysql.sock\"\n    export MYSQL_SOCKET_DIR=\"$MYSQLDIR/run\"\n    export MYSQL_LOG_ERROR=\"$MYSQLDIR/run/error.log\"\n    export DATABASE_URL=\"mysql://root:$MYSQL_ROOT_PASSWORD@$MYSQL_BIND_ADDRESS:$MYSQL_PORT/$MYSQL_DATABASE\"\n\n    # debug output\n    debug_log \"Configuration paths:\"\n    debug_log \"  MYSQLDIR: $MYSQLDIR\"\n    debug_log \"  MYSQL_DATADIR: $MYSQL_DATADIR\"\n    debug_log \"  MYSQL_SOCKET: $MYSQL_SOCKET\"\n}\n\n# this function initializes mysql\ninitialize_mysql() {\n    mkdir -p \"$(dirname \"$MYSQL_DATADIR\")\" && chmod 700 \"$(dirname \"$MYSQL_DATADIR\")\"\n    rm -rf \"$MYSQL_DATADIR\" && mkdir -p \"$MYSQL_DATADIR\" && chmod 700 \"$MYSQL_DATADIR\"\n    mkdir -p \"$MYSQL_SOCKET_DIR\" && chmod 700 \"$MYSQL_SOCKET_DIR\"\n\n    if [[ \"$MYSQL_DEBUG\" == \"true\" ]]; then\n        mysqld --initialize-insecure --datadir=\"$MYSQL_DATADIR\" --user=\"$USER\"\n    else\n        mysqld --initialize-insecure --datadir=\"$MYSQL_DATADIR\" --user=\"$USER\" > /dev/null 2>&1\n    fi\n\n    return $?\n}\n\n# this function starts mysql\nstart_mysql() {\n    # is $MYSQL_SOCKET_DIR an absolute path?\n    if [[ ! \"$MYSQL_SOCKET_DIR\" = /* ]]; then\n        debug_log \"Warning: MYSQL_SOCKET_DIR is not an absolute path. Using absolute path instead.\"\n        MYSQL_SOCKET_DIR=\"$(pwd)/$MYSQL_SOCKET_DIR\"\n        export MYSQL_SOCKET_DIR\n        export MYSQL_SOCKET=\"$MYSQL_SOCKET_DIR/mysql.sock\"\n    fi\n\n    # create socket dir\n    debug_log \"Creating MySQL socket directory at: $MYSQL_SOCKET_DIR\"\n    mkdir -p \"$MYSQL_SOCKET_DIR\"\n    chmod 700 \"$MYSQL_SOCKET_DIR\"\n\n    # was / was not socket dir created successfully?\n    if [[ ! -d \"$MYSQL_SOCKET_DIR\" ]]; then\n        echo \"Error: Failed to create MySQL socket directory at $MYSQL_SOCKET_DIR\"\n        return 1\n    fi\n\n    debug_log \"Starting MySQL with socket: $MYSQL_SOCKET\"\n    debug_log \"Data directory: $MYSQL_DATADIR\"\n\n    # start mysql with or without debugging\n    if [[ \"$MYSQL_DEBUG\" == \"true\" ]]; then\n        mysqld --datadir=\"$MYSQL_DATADIR\" \\\n               --socket=\"$MYSQL_SOCKET\" \\\n               --bind-address=\"$MYSQL_BIND_ADDRESS\" \\\n               --port=\"$MYSQL_PORT\" \\\n               --default-authentication-plugin=mysql_native_password \\\n               --mysqlx=0 \\\n               --log-error=\"$MYSQL_LOG_ERROR\" &\n        MYSQL_PID=$!\n    else\n        mysqld --datadir=\"$MYSQL_DATADIR\" \\\n               --socket=\"$MYSQL_SOCKET\" \\\n               --bind-address=\"$MYSQL_BIND_ADDRESS\" \\\n               --port=\"$MYSQL_PORT\" \\\n               --default-authentication-plugin=mysql_native_password \\\n               --mysqlx=0 \\\n               --log-error=\"$MYSQL_LOG_ERROR\" > /dev/null 2>&1 &\n        MYSQL_PID=$!\n    fi\n\n    export MYSQL_PID\n    sleep 3  # Wait for MySQL to start\n\n    return 0\n}\n\n# this function sets root password\nset_root_password() {\n    debug_log \"Setting root password...\"\n    mysqladmin -u root --socket=\"$MYSQL_SOCKET\" password \"$MYSQL_ROOT_PASSWORD\" > /dev/null 2>&1\n    return 0\n}\n\n# this function creates database if not exist\ncreate_database() {\n    if [[ \"$MYSQL_DATABASE\" != \"mysql\" ]]; then\n        debug_log \"Creating database $MYSQL_DATABASE...\"\n        mysql -u root --password=\"$MYSQL_ROOT_PASSWORD\" --socket=\"$MYSQL_SOCKET\" -e \"CREATE DATABASE IF NOT EXISTS \\`$MYSQL_DATABASE\\`;\" > /dev/null 2>&1\n    fi\n    return 0\n}\n\n# this function stops mysql\nstop_mysql() {\n    if [[ -n \"$MYSQL_PID\" ]]; then\n        debug_log \"Stopping MySQL (PID: $MYSQL_PID)...\"\n        mysqladmin -u root --password=\"$MYSQL_ROOT_PASSWORD\" --socket=\"$MYSQL_SOCKET\" shutdown > /dev/null 2>&1\n        wait $MYSQL_PID 2>/dev/null\n    fi\n    return 0\n}\n\n# we call this function from profile if we want/need to reconfigure mysql\nreconfigure_mysql() {\n    rm -f \"$CONFIG_FILE\"\n    first_run_setup\n    mysql_setup\n}\n\n# it's tautological!\nfirst_run_setup() {\n    if check_first_run; then\n        display_mysql_config_ui\n    else\n        load_config\n    fi\n\n    update_dependent_vars\n}\n\n# our gum-ified tui (thank you ye good folk at charmbracelet!)\ndisplay_mysql_config_ui() {\n    clear\n\n    # customize header + colors\n    gum style \\\n        --border rounded \\\n        --border-foreground 240 \\\n        --padding \"1 2\" \\\n        --margin \"1 0\" \\\n        --width 70 \\\n        \"$(gum style --foreground 214 --bold 'MySQL 8.0 Configuration')\n\n$(gum style --foreground 240 'First-time setup for your local development database')\"\n\n    prompt_for_config\n}\n\n# mysql setup master function\nmysql_setup() {\n    debug_log \"Setting up MySQL...\"\n\n    # this is where we init mysql\n    debug_log \"Initializing MySQL...\"\n    initialize_mysql || { echo \"Failed to initialize MySQL\"; return 1; }\n\n    if [[ -d \"$MYSQL_DATADIR/mysql\" ]]; then\n        debug_log \"MySQL data directory initialized successfully\"\n\n        # this is where we start it up\n        debug_log \"Starting MySQL...\"\n        start_mysql || { echo \"Failed to start MySQL\"; return 1; }\n\n        # set root password\n        debug_log \"Setting root password...\"\n        set_root_password || { echo \"Failed to set root password\"; return 1; }\n\n        # this is where we create database\n        debug_log \"Creating database...\"\n        create_database || { echo \"Failed to create database\"; return 1; }\n\n        # this is where we shut it down\n        debug_log \"Stopping MySQL...\"\n        stop_mysql || { echo \"Failed to stop MySQL\"; return 1; }\n\n        debug_log \"MySQL setup completed successfully\"\n    else\n        echo \"Error: MySQL data directory was not initialized correctly\"\n        return 1\n    fi\n\n    return 0\n}\n\n# gummified help message\nshow_mysql_help() {\n    # Determine display host\n    local display_host\n    if [[ \"$MYSQL_BIND_ADDRESS\" == \"0.0.0.0\" ]]; then\n        display_host=\"localhost\"\n    else\n        display_host=\"$MYSQL_BIND_ADDRESS\"\n    fi\n\n    # Create the help message with Gum styling\n    gum style \\\n        --border rounded \\\n        --border-foreground 240 \\\n        --padding \"1 2\" \\\n        --margin \"1 0\" \\\n        --width 96 \\\n        \"$(gum style --foreground 214 --bold 'This is a  F l o x  MySQL 8.0 Environment')\n\n👉  Service Management:\n    $(gum style --foreground 220 'flox activate -s')    Start MySQL at activation\n    $(gum style --foreground 220 'mysqlstart')          Start MySQL post activation\n    $(gum style --foreground 220 'mysqlstop')           Stop MySQL post activation\n    $(gum style --foreground 220 'mysqlrestart')        Restart MySQL post activation\n\n👉  Configuration:\n    $(gum style --foreground 220 'mysqlconfigure')      Reconfigure MySQL post activation\n\n👉  Connection:\n    $(gum style --foreground 220 'mysql -u root -p')    Connect to MySQL (password: $MYSQL_ROOT_PASSWORD)\n\n👉  Connection Details:\n    Host:     $(gum style --foreground 220 \"${display_host}\")\n    Port:     $(gum style --foreground 220 \"${MYSQL_PORT}\")\n    Database: $(gum style --foreground 220 \"${MYSQL_DATABASE}\")\n    Socket:   $(gum style --foreground 220 \"${MYSQL_SOCKET}\")\"\n\n    echo \"\"\n}\n\n# it's tautological!\nmain() {\n    first_run_setup\n\n    mysql_setup\n\n    show_mysql_help\n}\n\n# runnit all\nmain\n"
    },
    "profile": {
      "common": "",
      "bash": "source \"${FLOX_ENV_CACHE}/mysql.config\" 2>/dev/null || true\nmysqlstart() { flox services start mysql; }\nmysqlstop() { flox services stop mysql; }\nmysqlrestart() { flox services restart mysql; }\nmysqlconfigure() {\n  flox services stop mysql\n  source \"${FLOX_ENV_CACHE}/mysql.config\" 2>/dev/null || true\n  reconfigure_mysql\n  flox services start mysql\n}\nexport -f mysqlstart mysqlstop mysqlrestart mysqlconfigure\nunset -f debug_log initialize_mysql start_mysql stop_mysql\nunset -f set_root_password create_database check_first_run\nunset -f load_config prompt_for_config display_mysql_config_ui main\n",
      "zsh": "source \"${FLOX_ENV_CACHE}/mysql.config\" 2>/dev/null || true\nmysqlstart() { flox services start mysql; }\nmysqlstop() { flox services stop mysql; }\nmysqlrestart() { flox services restart mysql; }\nmysqlconfigure() {\n  flox services stop mysql\n  source \"${FLOX_ENV_CACHE}/mysql.config\" 2>/dev/null || true\n  reconfigure_mysql\n  flox services start mysql\n}\nunset -f \"debug_log\" \"initialize_mysql\" \"start_mysql\" \"stop_mysql\"\nunset -f \"set_root_password\" \"create_database\" \"check_first_run\"\nunset -f \"load_config\" \"prompt_for_config\" \"display_mysql_config_ui\" \"main\"\n",
      "fish": "source \"$FLOX_ENV_CACHE/mysql.config\" 2>/dev/null || true\n\nfunction mysqlstart\n    flox services start mysql\nend\n\nfunction mysqlstop\n    flox services stop mysql\nend\n\nfunction mysqlrestart\n    flox services restart mysql\nend\n\nfunction mysqlconfigure\n    flox services stop mysql\n    source \"$FLOX_ENV_CACHE/mysql.config\" 2>/dev/null || true\n    reconfigure_mysql\n    flox services start mysql\nend\n\nfunctions -e debug_log initialize_mysql start_mysql stop_mysql\nfunctions -e set_root_password create_database check_first_run\nfunctions -e load_config prompt_for_config display_mysql_config_ui main\n"
    },
    "options": {
      "systems": [
        "aarch64-darwin",
        "aarch64-linux",
        "x86_64-darwin",
        "x86_64-linux"
      ]
    },
    "services": {
      "mysql": {
        "command": "mysqld --datadir=$MYSQL_DATADIR --socket=$MYSQL_SOCKET --bind-address=$MYSQL_BIND_ADDRESS --port=$MYSQL_PORT --default-authentication-plugin=mysql_native_password --mysqlx=0 --log-error=$MYSQL_LOG_ERROR"
      }
    }
  },
  "packages": [
    {
      "attr_path": "gum",
      "broken": false,
      "derivation": "/nix/store/675k33a7fnqda5p3rn5qjc33ivqrh68q-gum-0.17.0.drv",
      "description": "Tasty Bubble Gum for your shell",
      "install_id": "gum",
      "license": "MIT",
      "locked_url": "https://github.com/flox/nixpkgs?rev=6a08e6bb4e46ff7fcbb53d409b253f6bad8a28ce",
      "name": "gum-0.17.0",
      "pname": "gum",
      "rev": "6a08e6bb4e46ff7fcbb53d409b253f6bad8a28ce",
      "rev_count": 883951,
      "rev_date": "2025-10-25T06:24:58Z",
      "scrape_date": "2025-10-27T02:08:16.755997Z",
      "stabilities": [
        "unstable"
      ],
      "unfree": false,
      "version": "0.17.0",
      "outputs_to_install": [
        "out"
      ],
      "outputs": {
        "out": "/nix/store/g384sncfvkxfpiswcg01hk6r3z0681ix-gum-0.17.0"
      },
      "system": "aarch64-darwin",
      "group": "toplevel",
      "priority": 5
    },
    {
      "attr_path": "gum",
      "broken": false,
      "derivation": "/nix/store/x4gr782ka05mb2gwd2hxlnwrcxxj8m1m-gum-0.17.0.drv",
      "description": "Tasty Bubble Gum for your shell",
      "install_id": "gum",
      "license": "MIT",
      "locked_url": "https://github.com/flox/nixpkgs?rev=6a08e6bb4e46ff7fcbb53d409b253f6bad8a28ce",
      "name": "gum-0.17.0",
      "pname": "gum",
      "rev": "6a08e6bb4e46ff7fcbb53d409b253f6bad8a28ce",
      "rev_count": 883951,
      "rev_date": "2025-10-25T06:24:58Z",
      "scrape_date": "2025-10-27T02:18:28.225289Z",
      "stabilities": [
        "unstable"
      ],
      "unfree": false,
      "version": "0.17.0",
      "outputs_to_install": [
        "out"
      ],
      "outputs": {
        "out": "/nix/store/vkh7n5a7nhxlv4zzxs1anaqcbpsaakdw-gum-0.17.0"
      },
      "system": "aarch64-linux",
      "group": "toplevel",
      "priority": 5
    },
    {
      "attr_path": "gum",
      "broken": false,
      "derivation": "/nix/store/sz3las4dhlb9xrz4fgw4l5zkss3s3afd-gum-0.17.0.drv",
      "description": "Tasty Bubble Gum for your shell",
      "install_id": "gum",
      "license": "MIT",
      "locked_url": "https://github.com/flox/nixpkgs?rev=6a08e6bb4e46ff7fcbb53d409b253f6bad8a28ce",
      "name": "gum-0.17.0",
      "pname": "gum",
      "rev": "6a08e6bb4e46ff7fcbb53d409b253f6bad8a28ce",
      "rev_count": 883951,
      "rev_date": "2025-10-25T06:24:58Z",
      "scrape_date": "2025-10-27T02:29:22.646362Z",
      "stabilities": [
        "unstable"
      ],
      "unfree": false,
      "version": "0.17.0",
      "outputs_to_install": [
        "out"
      ],
      "outputs": {
        "out": "/nix/store/j459dmmrrfzia8zgpykkr4fsv0ydrsvg-gum-0.17.0"
      },
      "system": "x86_64-darwin",
      "group": "toplevel",
      "priority": 5
    },
    {
      "attr_path": "gum",
      "broken": false,
      "derivation": "/nix/store/m4rq0l39b36z03rq5sb8y5zsid4y09ad-gum-0.17.0.drv",
      "description": "Tasty Bubble Gum for your shell",
      "install_id": "gum",
      "license": "MIT",
      "locked_url": "https://github.com/flox/nixpkgs?rev=6a08e6bb4e46ff7fcbb53d409b253f6bad8a28ce",
      "name": "gum-0.17.0",
      "pname": "gum",
      "rev": "6a08e6bb4e46ff7fcbb53d409b253f6bad8a28ce",
      "rev_count": 883951,
      "rev_date": "2025-10-25T06:24:58Z",
      "scrape_date": "2025-10-27T03:00:56.654223Z",
      "stabilities": [
        "unstable"
      ],
      "unfree": false,
      "version": "0.17.0",
      "outputs_to_install": [
        "out"
      ],
      "outputs": {
        "out": "/nix/store/bqaqgkwjxdq6vxq210v9893ibmag515f-gum-0.17.0"
      },
      "system": "x86_64-linux",
      "group": "toplevel",
      "priority": 5
    },
    {
      "attr_path": "mysql80",
      "broken": false,
      "derivation": "/nix/store/ra6l29cy4pbimm9ydlqlwxy1gp8c8cb0-mysql-8.0.43.drv",
      "description": "World's most popular open source database",
      "install_id": "mysql",
      "license": "GPL-2.0-only",
      "locked_url": "https://github.com/flox/nixpkgs?rev=6a08e6bb4e46ff7fcbb53d409b253f6bad8a28ce",
      "name": "mysql-8.0.43",
      "pname": "mysql80",
      "rev": "6a08e6bb4e46ff7fcbb53d409b253f6bad8a28ce",
      "rev_count": 883951,
      "rev_date": "2025-10-25T06:24:58Z",
      "scrape_date": "2025-10-27T02:08:36.193151Z",
      "stabilities": [
        "unstable"
      ],
      "unfree": false,
      "version": "8.0.43",
      "outputs_to_install": [
        "out"
      ],
      "outputs": {
        "out": "/nix/store/g6fhxprlqxx3na5z5lpjp4d3xp0rpx44-mysql-8.0.43",
        "static": "/nix/store/hdxnhrvrjaf7rvm0pqhigwjx53hvm5xv-mysql-8.0.43-static"
      },
      "system": "aarch64-darwin",
      "group": "toplevel",
      "priority": 5
    },
    {
      "attr_path": "mysql80",
      "broken": false,
      "derivation": "/nix/store/7nwp3zm0f19731al62ff6gn6wjwbbzrb-mysql-8.0.43.drv",
      "description": "World's most popular open source database",
      "install_id": "mysql",
      "license": "GPL-2.0-only",
      "locked_url": "https://github.com/flox/nixpkgs?rev=6a08e6bb4e46ff7fcbb53d409b253f6bad8a28ce",
      "name": "mysql-8.0.43",
      "pname": "mysql80",
      "rev": "6a08e6bb4e46ff7fcbb53d409b253f6bad8a28ce",
      "rev_count": 883951,
      "rev_date": "2025-10-25T06:24:58Z",
      "scrape_date": "2025-10-27T02:19:00.085085Z",
      "stabilities": [
        "unstable"
      ],
      "unfree": false,
      "version": "8.0.43",
      "outputs_to_install": [
        "out"
      ],
      "outputs": {
        "out": "/nix/store/2gna7cbyby4aafyiz9lhji5pq6x17n4h-mysql-8.0.43",
        "static": "/nix/store/047zd9y6qk1d2jl4aicnmshwzkdvdfdm-mysql-8.0.43-static"
      },
      "system": "aarch64-linux",
      "group": "toplevel",
      "priority": 5
    },
    {
      "attr_path": "mysql80",
      "broken": false,
      "derivation": "/nix/store/mcs3w84a2jq0jrgj4dq530cjy730h7i3-mysql-8.0.43.drv",
      "description": "World's most popular open source database",
      "install_id": "mysql",
      "license": "GPL-2.0-only",
      "locked_url": "https://github.com/flox/nixpkgs?rev=6a08e6bb4e46ff7fcbb53d409b253f6bad8a28ce",
      "name": "mysql-8.0.43",
      "pname": "mysql80",
      "rev": "6a08e6bb4e46ff7fcbb53d409b253f6bad8a28ce",
      "rev_count": 883951,
      "rev_date": "2025-10-25T06:24:58Z",
      "scrape_date": "2025-10-27T02:29:41.993405Z",
      "stabilities": [
        "unstable"
      ],
      "unfree": false,
      "version": "8.0.43",
      "outputs_to_install": [
        "out"
      ],
      "outputs": {
        "out": "/nix/store/0147id23hg04gdlsz7j3b6qd44p9z37l-mysql-8.0.43",
        "static": "/nix/store/nnsz1dkcp7zra4dnhz6cgv0ah0rq5i5y-mysql-8.0.43-static"
      },
      "system": "x86_64-darwin",
      "group": "toplevel",
      "priority": 5
    },
    {
      "attr_path": "mysql80",
      "broken": false,
      "derivation": "/nix/store/aaxzwh7s7d9px4yy3q6sxis2agrcvj88-mysql-8.0.43.drv",
      "description": "World's most popular open source database",
      "install_id": "mysql",
      "license": "GPL-2.0-only",
      "locked_url": "https://github.com/flox/nixpkgs?rev=6a08e6bb4e46ff7fcbb53d409b253f6bad8a28ce",
      "name": "mysql-8.0.43",
      "pname": "mysql80",
      "rev": "6a08e6bb4e46ff7fcbb53d409b253f6bad8a28ce",
      "rev_count": 883951,
      "rev_date": "2025-10-25T06:24:58Z",
      "scrape_date": "2025-10-27T03:01:32.229263Z",
      "stabilities": [
        "unstable"
      ],
      "unfree": false,
      "version": "8.0.43",
      "outputs_to_install": [
        "out"
      ],
      "outputs": {
        "out": "/nix/store/qqh5qqmq9kbdd7hj7nnv6wjhlpfkip43-mysql-8.0.43",
        "static": "/nix/store/1h5mqgy7n912linfqrhxip8nijs3khri-mysql-8.0.43-static"
      },
      "system": "x86_64-linux",
      "group": "toplevel",
      "priority": 5
    }
  ]
}